// !$*UTF8*$!
{
	archiveVersion = 1;
	classes = {
	};
	objectVersion = 56;
	objects = {

/* Begin PBXBuildFile section */
		15E989F7F6D2555D04863331 /* Pods_GmmApp.framework in Frameworks */ = {isa = PBXBuildFile; fileRef = C6E4F22F50EAA16FA04D957C /* Pods_GmmApp.framework */; };
		8C454E8529D6AAFC00CD8FE4 /* LogUtils.swift in Sources */ = {isa = PBXBuildFile; fileRef = 8C454E8229D6AAFC00CD8FE4 /* LogUtils.swift */; };
		8C454E8629D6AAFC00CD8FE4 /* JavascriptBridge.swift in Sources */ = {isa = PBXBuildFile; fileRef = 8C454E8429D6AAFC00CD8FE4 /* JavascriptBridge.swift */; };
		8C9B447C29C983CF00F0D753 /* AppDelegate.swift in Sources */ = {isa = PBXBuildFile; fileRef = 8C9B447B29C983CF00F0D753 /* AppDelegate.swift */; };
		8C9B447E29C983CF00F0D753 /* SceneDelegate.swift in Sources */ = {isa = PBXBuildFile; fileRef = 8C9B447D29C983CF00F0D753 /* SceneDelegate.swift */; };
		8C9B448029C983CF00F0D753 /* ViewController.swift in Sources */ = {isa = PBXBuildFile; fileRef = 8C9B447F29C983CF00F0D753 /* ViewController.swift */; };
		8C9B448329C983CF00F0D753 /* Main.storyboard in Resources */ = {isa = PBXBuildFile; fileRef = 8C9B448129C983CF00F0D753 /* Main.storyboard */; };
		8C9B448529C983CF00F0D753 /* Assets.xcassets in Resources */ = {isa = PBXBuildFile; fileRef = 8C9B448429C983CF00F0D753 /* Assets.xcassets */; };
		8C9B448829C983CF00F0D753 /* LaunchScreen.storyboard in Resources */ = {isa = PBXBuildFile; fileRef = 8C9B448629C983CF00F0D753 /* LaunchScreen.storyboard */; };
		8C9B449329C9897300F0D753 /* AppEnvironment.swift in Sources */ = {isa = PBXBuildFile; fileRef = 8C9B449229C9897300F0D753 /* AppEnvironment.swift */; };
		8C9B449529C98AAC00F0D753 /* DeviceInformation.swift in Sources */ = {isa = PBXBuildFile; fileRef = 8C9B449429C98AAC00F0D753 /* DeviceInformation.swift */; };
/* End PBXBuildFile section */

/* Begin PBXFileReference section */
		5826CF60D23CAEC512AB31B0 /* Pods-GmmApp.debug.xcconfig */ = {isa = PBXFileReference; includeInIndex = 1; lastKnownFileType = text.xcconfig; name = "Pods-GmmApp.debug.xcconfig"; path = "Target Support Files/Pods-GmmApp/Pods-GmmApp.debug.xcconfig"; sourceTree = "<group>"; };
		8C454E8229D6AAFC00CD8FE4 /* LogUtils.swift */ = {isa = PBXFileReference; fileEncoding = 4; lastKnownFileType = sourcecode.swift; path = LogUtils.swift; sourceTree = "<group>"; };
		8C454E8429D6AAFC00CD8FE4 /* JavascriptBridge.swift */ = {isa = PBXFileReference; fileEncoding = 4; lastKnownFileType = sourcecode.swift; path = JavascriptBridge.swift; sourceTree = "<group>"; };
		8C9B447829C983CF00F0D753 /* GmmApp.app */ = {isa = PBXFileReference; explicitFileType = wrapper.application; includeInIndex = 0; path = GmmApp.app; sourceTree = BUILT_PRODUCTS_DIR; };
		8C9B447B29C983CF00F0D753 /* AppDelegate.swift */ = {isa = PBXFileReference; lastKnownFileType = sourcecode.swift; path = AppDelegate.swift; sourceTree = "<group>"; };
		8C9B447D29C983CF00F0D753 /* SceneDelegate.swift */ = {isa = PBXFileReference; lastKnownFileType = sourcecode.swift; path = SceneDelegate.swift; sourceTree = "<group>"; };
		8C9B447F29C983CF00F0D753 /* ViewController.swift */ = {isa = PBXFileReference; lastKnownFileType = sourcecode.swift; path = ViewController.swift; sourceTree = "<group>"; };
		8C9B448229C983CF00F0D753 /* Base */ = {isa = PBXFileReference; lastKnownFileType = file.storyboard; name = Base; path = Base.lproj/Main.storyboard; sourceTree = "<group>"; };
		8C9B448429C983CF00F0D753 /* Assets.xcassets */ = {isa = PBXFileReference; lastKnownFileType = folder.assetcatalog; path = Assets.xcassets; sourceTree = "<group>"; };
		8C9B448729C983CF00F0D753 /* Base */ = {isa = PBXFileReference; lastKnownFileType = file.storyboard; name = Base; path = Base.lproj/LaunchScreen.storyboard; sourceTree = "<group>"; };
		8C9B448929C983CF00F0D753 /* Info.plist */ = {isa = PBXFileReference; lastKnownFileType = text.plist.xml; path = Info.plist; sourceTree = "<group>"; };
		8C9B448F29C9843A00F0D753 /* Config.xcconfig */ = {isa = PBXFileReference; lastKnownFileType = text.xcconfig; path = Config.xcconfig; sourceTree = "<group>"; };
		8C9B449029C9845B00F0D753 /* ConfigPro.xcconfig */ = {isa = PBXFileReference; lastKnownFileType = text.xcconfig; path = ConfigPro.xcconfig; sourceTree = "<group>"; };
		8C9B449229C9897300F0D753 /* AppEnvironment.swift */ = {isa = PBXFileReference; lastKnownFileType = sourcecode.swift; path = AppEnvironment.swift; sourceTree = "<group>"; };
		8C9B449429C98AAC00F0D753 /* DeviceInformation.swift */ = {isa = PBXFileReference; lastKnownFileType = sourcecode.swift; path = DeviceInformation.swift; sourceTree = "<group>"; };
		A330CECC172169A83EB278FD /* Pods-GmmApp.release.xcconfig */ = {isa = PBXFileReference; includeInIndex = 1; lastKnownFileType = text.xcconfig; name = "Pods-GmmApp.release.xcconfig"; path = "Target Support Files/Pods-GmmApp/Pods-GmmApp.release.xcconfig"; sourceTree = "<group>"; };
		C6E4F22F50EAA16FA04D957C /* Pods_GmmApp.framework */ = {isa = PBXFileReference; explicitFileType = wrapper.framework; includeInIndex = 0; path = Pods_GmmApp.framework; sourceTree = BUILT_PRODUCTS_DIR; };
/* End PBXFileReference section */

/* Begin PBXFrameworksBuildPhase section */
		8C9B447529C983CF00F0D753 /* Frameworks */ = {
			isa = PBXFrameworksBuildPhase;
			buildActionMask = 2147483647;
			files = (
				15E989F7F6D2555D04863331 /* Pods_GmmApp.framework in Frameworks */,
			);
			runOnlyForDeploymentPostprocessing = 0;
		};
/* End PBXFrameworksBuildPhase section */

/* Begin PBXGroup section */
		8901839824F034308A0CB785 /* Frameworks */ = {
			isa = PBXGroup;
			children = (
				C6E4F22F50EAA16FA04D957C /* Pods_GmmApp.framework */,
			);
			name = Frameworks;
			sourceTree = "<group>";
		};
		8C454E8129D6AAFC00CD8FE4 /* utils */ = {
			isa = PBXGroup;
			children = (
				8C454E8229D6AAFC00CD8FE4 /* LogUtils.swift */,
			);
			path = utils;
			sourceTree = "<group>";
		};
		8C454E8329D6AAFC00CD8FE4 /* webview */ = {
			isa = PBXGroup;
			children = (
				8C454E8429D6AAFC00CD8FE4 /* JavascriptBridge.swift */,
			);
			path = webview;
			sourceTree = "<group>";
		};
		8C9B446F29C983CF00F0D753 = {
			isa = PBXGroup;
			children = (
				8C9B447A29C983CF00F0D753 /* GmmApp */,
				8C9B447929C983CF00F0D753 /* Products */,
				FD6F913AE4327F84AC9067EA /* Pods */,
				8901839824F034308A0CB785 /* Frameworks */,
			);
			sourceTree = "<group>";
		};
		8C9B447929C983CF00F0D753 /* Products */ = {
			isa = PBXGroup;
			children = (
				8C9B447829C983CF00F0D753 /* GmmApp.app */,
			);
			name = Products;
			sourceTree = "<group>";
		};
		8C9B447A29C983CF00F0D753 /* GmmApp */ = {
			isa = PBXGroup;
			children = (
				8C454E8329D6AAFC00CD8FE4 /* webview */,
				8C454E8129D6AAFC00CD8FE4 /* utils */,
				8C9B449129C988E500F0D753 /* common */,
				8C9B447B29C983CF00F0D753 /* AppDelegate.swift */,
				8C9B447D29C983CF00F0D753 /* SceneDelegate.swift */,
				8C9B447F29C983CF00F0D753 /* ViewController.swift */,
				8C9B448129C983CF00F0D753 /* Main.storyboard */,
				8C9B448429C983CF00F0D753 /* Assets.xcassets */,
				8C9B448629C983CF00F0D753 /* LaunchScreen.storyboard */,
				8C9B448929C983CF00F0D753 /* Info.plist */,
				8C9B448F29C9843A00F0D753 /* Config.xcconfig */,
				8C9B449029C9845B00F0D753 /* ConfigPro.xcconfig */,
			);
			path = GmmApp;
			sourceTree = "<group>";
		};
		8C9B449129C988E500F0D753 /* common */ = {
			isa = PBXGroup;
			children = (
				8C9B449229C9897300F0D753 /* AppEnvironment.swift */,
				8C9B449429C98AAC00F0D753 /* DeviceInformation.swift */,
			);
			path = common;
			sourceTree = "<group>";
		};
		FD6F913AE4327F84AC9067EA /* Pods */ = {
			isa = PBXGroup;
			children = (
				5826CF60D23CAEC512AB31B0 /* Pods-GmmApp.debug.xcconfig */,
				A330CECC172169A83EB278FD /* Pods-GmmApp.release.xcconfig */,
			);
			path = Pods;
			sourceTree = "<group>";
		};
/* End PBXGroup section */

/* Begin PBXNativeTarget section */
		8C9B447729C983CF00F0D753 /* GmmApp */ = {
			isa = PBXNativeTarget;
			buildConfigurationList = 8C9B448C29C983CF00F0D753 /* Build configuration list for PBXNativeTarget "GmmApp" */;
			buildPhases = (
				E680D78FBD93C600EE6754A2 /* [CP] Check Pods Manifest.lock */,
				8C9B447429C983CF00F0D753 /* Sources */,
				8C9B447529C983CF00F0D753 /* Frameworks */,
				8C9B447629C983CF00F0D753 /* Resources */,
				0F3002E4997B68DD850BA1BC /* [CP] Embed Pods Frameworks */,
			);
			buildRules = (
			);
			dependencies = (
			);
			name = GmmApp;
			productName = GmmApp;
			productReference = 8C9B447829C983CF00F0D753 /* GmmApp.app */;
			productType = "com.apple.product-type.application";
		};
/* End PBXNativeTarget section */

/* Begin PBXProject section */
		8C9B447029C983CF00F0D753 /* Project object */ = {
			isa = PBXProject;
			attributes = {
				BuildIndependentTargetsInParallel = 1;
				LastSwiftUpdateCheck = 1420;
				LastUpgradeCheck = 1420;
				TargetAttributes = {
					8C9B447729C983CF00F0D753 = {
						CreatedOnToolsVersion = 14.2;
					};
				};
			};
			buildConfigurationList = 8C9B447329C983CF00F0D753 /* Build configuration list for PBXProject "GmmApp" */;
			compatibilityVersion = "Xcode 14.0";
			developmentRegion = en;
			hasScannedForEncodings = 0;
			knownRegions = (
				en,
				Base,
			);
			mainGroup = 8C9B446F29C983CF00F0D753;
			productRefGroup = 8C9B447929C983CF00F0D753 /* Products */;
			projectDirPath = "";
			projectRoot = "";
			targets = (
				8C9B447729C983CF00F0D753 /* GmmApp */,
			);
		};
/* End PBXProject section */

/* Begin PBXResourcesBuildPhase section */
		8C9B447629C983CF00F0D753 /* Resources */ = {
			isa = PBXResourcesBuildPhase;
			buildActionMask = 2147483647;
			files = (
				8C9B448829C983CF00F0D753 /* LaunchScreen.storyboard in Resources */,
				8C9B448529C983CF00F0D753 /* Assets.xcassets in Resources */,
				8C9B448329C983CF00F0D753 /* Main.storyboard in Resources */,
			);
			runOnlyForDeploymentPostprocessing = 0;
		};
/* End PBXResourcesBuildPhase section */

/* Begin PBXShellScriptBuildPhase section */
		0F3002E4997B68DD850BA1BC /* [CP] Embed Pods Frameworks */ = {
			isa = PBXShellScriptBuildPhase;
			buildActionMask = 2147483647;
			files = (
			);
			inputFileListPaths = (
				"${PODS_ROOT}/Target Support Files/Pods-GmmApp/Pods-GmmApp-frameworks-${CONFIGURATION}-input-files.xcfilelist",
			);
			name = "[CP] Embed Pods Frameworks";
			outputFileListPaths = (
				"${PODS_ROOT}/Target Support Files/Pods-GmmApp/Pods-GmmApp-frameworks-${CONFIGURATION}-output-files.xcfilelist",
			);
			runOnlyForDeploymentPostprocessing = 0;
			shellPath = /bin/sh;
			shellScript = "\"${PODS_ROOT}/Target Support Files/Pods-GmmApp/Pods-GmmApp-frameworks.sh\"\n";
			showEnvVarsInLog = 0;
		};
		E680D78FBD93C600EE6754A2 /* [CP] Check Pods Manifest.lock */ = {
			isa = PBXShellScriptBuildPhase;
			buildActionMask = 2147483647;
			files = (
			);
			inputFileListPaths = (
			);
			inputPaths = (
				"${PODS_PODFILE_DIR_PATH}/Podfile.lock",
				"${PODS_ROOT}/Manifest.lock",
			);
			name = "[CP] Check Pods Manifest.lock";
			outputFileListPaths = (
			);
			outputPaths = (
				"$(DERIVED_FILE_DIR)/Pods-GmmApp-checkManifestLockResult.txt",
			);
			runOnlyForDeploymentPostprocessing = 0;
			shellPath = /bin/sh;
			shellScript = "diff \"${PODS_PODFILE_DIR_PATH}/Podfile.lock\" \"${PODS_ROOT}/Manifest.lock\" > /dev/null\nif [ $? != 0 ] ; then\n    # print error to STDERR\n    echo \"error: The sandbox is not in sync with the Podfile.lock. Run 'pod install' or update your CocoaPods installation.\" >&2\n    exit 1\nfi\n# This output is used by Xcode 'outputs' to avoid re-running this script phase.\necho \"SUCCESS\" > \"${SCRIPT_OUTPUT_FILE_0}\"\n";
			showEnvVarsInLog = 0;
		};
/* End PBXShellScriptBuildPhase section */

/* Begin PBXSourcesBuildPhase section */
		8C9B447429C983CF00F0D753 /* Sources */ = {
			isa = PBXSourcesBuildPhase;
			buildActionMask = 2147483647;
			files = (
				8C454E8529D6AAFC00CD8FE4 /* LogUtils.swift in Sources */,
				8C9B448029C983CF00F0D753 /* ViewController.swift in Sources */,
				8C9B449529C98AAC00F0D753 /* DeviceInformation.swift in Sources */,
				8C454E8629D6AAFC00CD8FE4 /* JavascriptBridge.swift in Sources */,
				8C9B449329C9897300F0D753 /* AppEnvironment.swift in Sources */,
				8C9B447C29C983CF00F0D753 /* AppDelegate.swift in Sources */,
				8C9B447E29C983CF00F0D753 /* SceneDelegate.swift in Sources */,
			);
			runOnlyForDeploymentPostprocessing = 0;
		};
/* End PBXSourcesBuildPhase section */

/* Begin PBXVariantGroup section */
		8C9B448129C983CF00F0D753 /* Main.storyboard */ = {
			isa = PBXVariantGroup;
			children = (
				8C9B448229C983CF00F0D753 /* Base */,
			);
			name = Main.storyboard;
			sourceTree = "<group>";
		};
		8C9B448629C983CF00F0D753 /* LaunchScreen.storyboard */ = {
			isa = PBXVariantGroup;
			children = (
				8C9B448729C983CF00F0D753 /* Base */,
			);
			name = LaunchScreen.storyboard;
			sourceTree = "<group>";
		};
/* End PBXVariantGroup section */

/* Begin XCBuildConfiguration section */
		8C9B448A29C983CF00F0D753 /* Debug */ = {
			isa = XCBuildConfiguration;
			buildSettings = {
				ALWAYS_SEARCH_USER_PATHS = NO;
				CLANG_ANALYZER_NONNULL = YES;
				CLANG_ANALYZER_NUMBER_OBJECT_CONVERSION = YES_AGGRESSIVE;
				CLANG_CXX_LANGUAGE_STANDARD = "gnu++20";
				CLANG_ENABLE_MODULES = YES;
				CLANG_ENABLE_OBJC_ARC = YES;
				CLANG_ENABLE_OBJC_WEAK = YES;
				CLANG_WARN_BLOCK_CAPTURE_AUTORELEASING = YES;
				CLANG_WARN_BOOL_CONVERSION = YES;
				CLANG_WARN_COMMA = YES;
				CLANG_WARN_CONSTANT_CONVERSION = YES;
				CLANG_WARN_DEPRECATED_OBJC_IMPLEMENTATIONS = YES;
				CLANG_WARN_DIRECT_OBJC_ISA_USAGE = YES_ERROR;
				CLANG_WARN_DOCUMENTATION_COMMENTS = YES;
				CLANG_WARN_EMPTY_BODY = YES;
				CLANG_WARN_ENUM_CONVERSION = YES;
				CLANG_WARN_INFINITE_RECURSION = YES;
				CLANG_WARN_INT_CONVERSION = YES;
				CLANG_WARN_NON_LITERAL_NULL_CONVERSION = YES;
				CLANG_WARN_OBJC_IMPLICIT_RETAIN_SELF = YES;
				CLANG_WARN_OBJC_LITERAL_CONVERSION = YES;
				CLANG_WARN_OBJC_ROOT_CLASS = YES_ERROR;
				CLANG_WARN_QUOTED_INCLUDE_IN_FRAMEWORK_HEADER = YES;
				CLANG_WARN_RANGE_LOOP_ANALYSIS = YES;
				CLANG_WARN_STRICT_PROTOTYPES = YES;
				CLANG_WARN_SUSPICIOUS_MOVE = YES;
				CLANG_WARN_UNGUARDED_AVAILABILITY = YES_AGGRESSIVE;
				CLANG_WARN_UNREACHABLE_CODE = YES;
				CLANG_WARN__DUPLICATE_METHOD_MATCH = YES;
				COPY_PHASE_STRIP = NO;
				DEBUG_INFORMATION_FORMAT = dwarf;
				ENABLE_STRICT_OBJC_MSGSEND = YES;
				ENABLE_TESTABILITY = YES;
				GCC_C_LANGUAGE_STANDARD = gnu11;
				GCC_DYNAMIC_NO_PIC = NO;
				GCC_NO_COMMON_BLOCKS = YES;
				GCC_OPTIMIZATION_LEVEL = 0;
				GCC_PREPROCESSOR_DEFINITIONS = (
					"DEBUG=1",
					"$(inherited)",
				);
				GCC_WARN_64_TO_32_BIT_CONVERSION = YES;
				GCC_WARN_ABOUT_RETURN_TYPE = YES_ERROR;
				GCC_WARN_UNDECLARED_SELECTOR = YES;
				GCC_WARN_UNINITIALIZED_AUTOS = YES_AGGRESSIVE;
				GCC_WARN_UNUSED_FUNCTION = YES;
				GCC_WARN_UNUSED_VARIABLE = YES;
				IPHONEOS_DEPLOYMENT_TARGET = 16.2;
				MTL_ENABLE_DEBUG_INFO = INCLUDE_SOURCE;
				MTL_FAST_MATH = YES;
				ONLY_ACTIVE_ARCH = YES;
				SDKROOT = iphoneos;
				SWIFT_ACTIVE_COMPILATION_CONDITIONS = DEBUG;
				SWIFT_OPTIMIZATION_LEVEL = "-Onone";
			};
			name = Debug;
		};
		8C9B448B29C983CF00F0D753 /* Release */ = {
			isa = XCBuildConfiguration;
			buildSettings = {
				ALWAYS_SEARCH_USER_PATHS = NO;
				CLANG_ANALYZER_NONNULL = YES;
				CLANG_ANALYZER_NUMBER_OBJECT_CONVERSION = YES_AGGRESSIVE;
				CLANG_CXX_LANGUAGE_STANDARD = "gnu++20";
				CLANG_ENABLE_MODULES = YES;
				CLANG_ENABLE_OBJC_ARC = YES;
				CLANG_ENABLE_OBJC_WEAK = YES;
				CLANG_WARN_BLOCK_CAPTURE_AUTORELEASING = YES;
				CLANG_WARN_BOOL_CONVERSION = YES;
				CLANG_WARN_COMMA = YES;
				CLANG_WARN_CONSTANT_CONVERSION = YES;
				CLANG_WARN_DEPRECATED_OBJC_IMPLEMENTATIONS = YES;
				CLANG_WARN_DIRECT_OBJC_ISA_USAGE = YES_ERROR;
				CLANG_WARN_DOCUMENTATION_COMMENTS = YES;
				CLANG_WARN_EMPTY_BODY = YES;
				CLANG_WARN_ENUM_CONVERSION = YES;
				CLANG_WARN_INFINITE_RECURSION = YES;
				CLANG_WARN_INT_CONVERSION = YES;
				CLANG_WARN_NON_LITERAL_NULL_CONVERSION = YES;
				CLANG_WARN_OBJC_IMPLICIT_RETAIN_SELF = YES;
				CLANG_WARN_OBJC_LITERAL_CONVERSION = YES;
				CLANG_WARN_OBJC_ROOT_CLASS = YES_ERROR;
				CLANG_WARN_QUOTED_INCLUDE_IN_FRAMEWORK_HEADER = YES;
				CLANG_WARN_RANGE_LOOP_ANALYSIS = YES;
				CLANG_WARN_STRICT_PROTOTYPES = YES;
				CLANG_WARN_SUSPICIOUS_MOVE = YES;
				CLANG_WARN_UNGUARDED_AVAILABILITY = YES_AGGRESSIVE;
				CLANG_WARN_UNREACHABLE_CODE = YES;
				CLANG_WARN__DUPLICATE_METHOD_MATCH = YES;
				COPY_PHASE_STRIP = NO;
				DEBUG_INFORMATION_FORMAT = "dwarf-with-dsym";
				ENABLE_NS_ASSERTIONS = NO;
				ENABLE_STRICT_OBJC_MSGSEND = YES;
				GCC_C_LANGUAGE_STANDARD = gnu11;
				GCC_NO_COMMON_BLOCKS = YES;
				GCC_WARN_64_TO_32_BIT_CONVERSION = YES;
				GCC_WARN_ABOUT_RETURN_TYPE = YES_ERROR;
				GCC_WARN_UNDECLARED_SELECTOR = YES;
				GCC_WARN_UNINITIALIZED_AUTOS = YES_AGGRESSIVE;
				GCC_WARN_UNUSED_FUNCTION = YES;
				GCC_WARN_UNUSED_VARIABLE = YES;
				IPHONEOS_DEPLOYMENT_TARGET = 16.2;
				MTL_ENABLE_DEBUG_INFO = NO;
				MTL_FAST_MATH = YES;
				SDKROOT = iphoneos;
				SWIFT_COMPILATION_MODE = wholemodule;
				SWIFT_OPTIMIZATION_LEVEL = "-O";
				VALIDATE_PRODUCT = YES;
			};
			name = Release;
		};
		8C9B448D29C983CF00F0D753 /* Debug */ = {
			isa = XCBuildConfiguration;
			baseConfigurationReference = 8C9B448F29C9843A00F0D753 /* Config.xcconfig */;
			buildSettings = {
				ASSETCATALOG_COMPILER_APPICON_NAME = AppIcon;
				ASSETCATALOG_COMPILER_GLOBAL_ACCENT_COLOR_NAME = AccentColor;
				CODE_SIGN_STYLE = Automatic;
				CURRENT_PROJECT_VERSION = 1;
				DEVELOPMENT_TEAM = JX58GPA824;
				GENERATE_INFOPLIST_FILE = YES;
				INFOPLIST_FILE = GmmApp/Info.plist;
				INFOPLIST_KEY_CFBundleDisplayName = "$(APP_NAME)";
				INFOPLIST_KEY_UIApplicationSupportsIndirectInputEvents = YES;
				INFOPLIST_KEY_UILaunchStoryboardName = LaunchScreen;
				INFOPLIST_KEY_UIMainStoryboardFile = Main;
				INFOPLIST_KEY_UISupportedInterfaceOrientations_iPad = "UIInterfaceOrientationPortrait UIInterfaceOrientationPortraitUpsideDown UIInterfaceOrientationLandscapeLeft UIInterfaceOrientationLandscapeRight";
				INFOPLIST_KEY_UISupportedInterfaceOrientations_iPhone = "UIInterfaceOrientationPortrait UIInterfaceOrientationLandscapeLeft UIInterfaceOrientationLandscapeRight";
				LD_RUNPATH_SEARCH_PATHS = (
					"$(inherited)",
					"@executable_path/Frameworks",
				);
				MARKETING_VERSION = 1.0;
				PRODUCT_BUNDLE_IDENTIFIER = "${APP_BUNDLE_ID}";
				PRODUCT_NAME = "$(TARGET_NAME)";
				SWIFT_EMIT_LOC_STRINGS = YES;
				SWIFT_VERSION = 5.0;
				TARGETED_DEVICE_FAMILY = "1,2";
			};
			name = Debug;
		};
		8C9B448E29C983CF00F0D753 /* Release */ = {
			isa = XCBuildConfiguration;
			baseConfigurationReference = 8C9B449029C9845B00F0D753 /* ConfigPro.xcconfig */;
			buildSettings = {
				ASSETCATALOG_COMPILER_APPICON_NAME = AppIcon;
				ASSETCATALOG_COMPILER_GLOBAL_ACCENT_COLOR_NAME = AccentColor;
				CODE_SIGN_STYLE = Automatic;
				CURRENT_PROJECT_VERSION = 1;
				DEVELOPMENT_TEAM = JX58GPA824;
				GENERATE_INFOPLIST_FILE = YES;
				INFOPLIST_FILE = GmmApp/Info.plist;
				INFOPLIST_KEY_CFBundleDisplayName = "$(APP_NAME)";
				INFOPLIST_KEY_UIApplicationSupportsIndirectInputEvents = YES;
				INFOPLIST_KEY_UILaunchStoryboardName = LaunchScreen;
				INFOPLIST_KEY_UIMainStoryboardFile = Main;
				INFOPLIST_KEY_UISupportedInterfaceOrientations_iPad = "UIInterfaceOrientationPortrait UIInterfaceOrientationPortraitUpsideDown UIInterfaceOrientationLandscapeLeft UIInterfaceOrientationLandscapeRight";
				INFOPLIST_KEY_UISupportedInterfaceOrientations_iPhone = "UIInterfaceOrientationPortrait UIInterfaceOrientationLandscapeLeft UIInterfaceOrientationLandscapeRight";
				LD_RUNPATH_SEARCH_PATHS = (
					"$(inherited)",
					"@executable_path/Frameworks",
				);
				MARKETING_VERSION = 1.0;
				PRODUCT_BUNDLE_IDENTIFIER = "${APP_BUNDLE_ID}";
				PRODUCT_NAME = "$(TARGET_NAME)";
				SWIFT_EMIT_LOC_STRINGS = YES;
				SWIFT_VERSION = 5.0;
				TARGETED_DEVICE_FAMILY = "1,2";
			};
			name = Release;
		};
/* End XCBuildConfiguration section */

/* Begin XCConfigurationList section */
		8C9B447329C983CF00F0D753 /* Build configuration list for PBXProject "GmmApp" */ = {
			isa = XCConfigurationList;
			buildConfigurations = (
				8C9B448A29C983CF00F0D753 /* Debug */,
				8C9B448B29C983CF00F0D753 /* Release */,
			);
			defaultConfigurationIsVisible = 0;
			defaultConfigurationName = Release;
		};
		8C9B448C29C983CF00F0D753 /* Build configuration list for PBXNativeTarget "GmmApp" */ = {
			isa = XCConfigurationList;
			buildConfigurations = (
				8C9B448D29C983CF00F0D753 /* Debug */,
				8C9B448E29C983CF00F0D753 /* Release */,
			);
			defaultConfigurationIsVisible = 0;
			defaultConfigurationName = Release;
		};
/* End XCConfigurationList section */
	};
	rootObject = 8C9B447029C983CF00F0D753 /* Project object */;
}
